// !$*UTF8*$!
{
	archiveVersion = 1;
	classes = {
	};
	objectVersion = 46;
	objects = {

/* Begin PBXBuildFile section */
		D70165561BD7278100301942 /* CharacterDetailViewController.swift in Sources */ = {isa = PBXBuildFile; fileRef = D70165551BD7278100301942 /* CharacterDetailViewController.swift */; settings = {ASSET_TAGS = (); }; };
		D742EAC11BD5E87D004455D3 /* Character.swift in Sources */ = {isa = PBXBuildFile; fileRef = D742EAC01BD5E87D004455D3 /* Character.swift */; settings = {ASSET_TAGS = (); }; };
		D7A9D5921BD5D37E004F8C82 /* AppDelegate.swift in Sources */ = {isa = PBXBuildFile; fileRef = D7A9D5911BD5D37E004F8C82 /* AppDelegate.swift */; };
		D7A9D5951BD5D37E004F8C82 /* BackToTheFuture.xcdatamodeld in Sources */ = {isa = PBXBuildFile; fileRef = D7A9D5931BD5D37E004F8C82 /* BackToTheFuture.xcdatamodeld */; };
		D7A9D5971BD5D37E004F8C82 /* ViewController.swift in Sources */ = {isa = PBXBuildFile; fileRef = D7A9D5961BD5D37E004F8C82 /* ViewController.swift */; };
		D7A9D59A1BD5D37E004F8C82 /* Main.storyboard in Resources */ = {isa = PBXBuildFile; fileRef = D7A9D5981BD5D37E004F8C82 /* Main.storyboard */; };
		D7A9D59C1BD5D37E004F8C82 /* Images.xcassets in Resources */ = {isa = PBXBuildFile; fileRef = D7A9D59B1BD5D37E004F8C82 /* Images.xcassets */; };
		D7A9D59F1BD5D37E004F8C82 /* LaunchScreen.xib in Resources */ = {isa = PBXBuildFile; fileRef = D7A9D59D1BD5D37E004F8C82 /* LaunchScreen.xib */; };
		D7A9D5AB1BD5D37E004F8C82 /* BackToTheFutureTests.swift in Sources */ = {isa = PBXBuildFile; fileRef = D7A9D5AA1BD5D37E004F8C82 /* BackToTheFutureTests.swift */; };
/* End PBXBuildFile section */

/* Begin PBXContainerItemProxy section */
		D7A9D5A51BD5D37E004F8C82 /* PBXContainerItemProxy */ = {
			isa = PBXContainerItemProxy;
			containerPortal = D7A9D5841BD5D37D004F8C82 /* Project object */;
			proxyType = 1;
			remoteGlobalIDString = D7A9D58B1BD5D37D004F8C82;
			remoteInfo = BackToTheFuture;
		};
/* End PBXContainerItemProxy section */

/* Begin PBXFileReference section */
		D70165551BD7278100301942 /* CharacterDetailViewController.swift */ = {isa = PBXFileReference; fileEncoding = 4; lastKnownFileType = sourcecode.swift; path = CharacterDetailViewController.swift; sourceTree = "<group>"; };
		D742EAC01BD5E87D004455D3 /* Character.swift */ = {isa = PBXFileReference; fileEncoding = 4; lastKnownFileType = sourcecode.swift; path = Character.swift; sourceTree = "<group>"; };
		D7A9D58C1BD5D37D004F8C82 /* BackToTheFuture.app */ = {isa = PBXFileReference; explicitFileType = wrapper.application; includeInIndex = 0; path = BackToTheFuture.app; sourceTree = BUILT_PRODUCTS_DIR; };
		D7A9D5901BD5D37E004F8C82 /* Info.plist */ = {isa = PBXFileReference; lastKnownFileType = text.plist.xml; path = Info.plist; sourceTree = "<group>"; };
		D7A9D5911BD5D37E004F8C82 /* AppDelegate.swift */ = {isa = PBXFileReference; lastKnownFileType = sourcecode.swift; path = AppDelegate.swift; sourceTree = "<group>"; };
		D7A9D5941BD5D37E004F8C82 /* BackToTheFuture.xcdatamodel */ = {isa = PBXFileReference; lastKnownFileType = wrapper.xcdatamodel; path = BackToTheFuture.xcdatamodel; sourceTree = "<group>"; };
		D7A9D5961BD5D37E004F8C82 /* ViewController.swift */ = {isa = PBXFileReference; lastKnownFileType = sourcecode.swift; path = ViewController.swift; sourceTree = "<group>"; };
		D7A9D5991BD5D37E004F8C82 /* Base */ = {isa = PBXFileReference; lastKnownFileType = file.storyboard; name = Base; path = Base.lproj/Main.storyboard; sourceTree = "<group>"; };
		D7A9D59B1BD5D37E004F8C82 /* Images.xcassets */ = {isa = PBXFileReference; lastKnownFileType = folder.assetcatalog; path = Images.xcassets; sourceTree = "<group>"; };
		D7A9D59E1BD5D37E004F8C82 /* Base */ = {isa = PBXFileReference; lastKnownFileType = file.xib; name = Base; path = Base.lproj/LaunchScreen.xib; sourceTree = "<group>"; };
		D7A9D5A41BD5D37E004F8C82 /* BackToTheFutureTests.xctest */ = {isa = PBXFileReference; explicitFileType = wrapper.cfbundle; includeInIndex = 0; path = BackToTheFutureTests.xctest; sourceTree = BUILT_PRODUCTS_DIR; };
		D7A9D5A91BD5D37E004F8C82 /* Info.plist */ = {isa = PBXFileReference; lastKnownFileType = text.plist.xml; path = Info.plist; sourceTree = "<group>"; };
		D7A9D5AA1BD5D37E004F8C82 /* BackToTheFutureTests.swift */ = {isa = PBXFileReference; lastKnownFileType = sourcecode.swift; path = BackToTheFutureTests.swift; sourceTree = "<group>"; };
/* End PBXFileReference section */

/* Begin PBXFrameworksBuildPhase section */
		D7A9D5891BD5D37D004F8C82 /* Frameworks */ = {
			isa = PBXFrameworksBuildPhase;
			buildActionMask = 2147483647;
			files = (
			);
			runOnlyForDeploymentPostprocessing = 0;
		};
		D7A9D5A11BD5D37E004F8C82 /* Frameworks */ = {
			isa = PBXFrameworksBuildPhase;
			buildActionMask = 2147483647;
			files = (
			);
			runOnlyForDeploymentPostprocessing = 0;
		};
/* End PBXFrameworksBuildPhase section */

/* Begin PBXGroup section */
		D70165521BD7275E00301942 /* Models */ = {
			isa = PBXGroup;
			children = (
				D742EAC01BD5E87D004455D3 /* Character.swift */,
			);
			name = Models;
			sourceTree = "<group>";
		};
		D70165531BD7276600301942 /* Main VC */ = {
			isa = PBXGroup;
			children = (
				D7A9D5961BD5D37E004F8C82 /* ViewController.swift */,
			);
			name = "Main VC";
			sourceTree = "<group>";
		};
		D70165541BD7276F00301942 /* Character Detail */ = {
			isa = PBXGroup;
			children = (
				D70165551BD7278100301942 /* CharacterDetailViewController.swift */,
			);
			name = "Character Detail";
			sourceTree = "<group>";
		};
		D7A9D5831BD5D37D004F8C82 = {
			isa = PBXGroup;
			children = (
				D7A9D58E1BD5D37D004F8C82 /* BackToTheFuture */,
				D7A9D5A71BD5D37E004F8C82 /* BackToTheFutureTests */,
				D7A9D58D1BD5D37D004F8C82 /* Products */,
			);
			sourceTree = "<group>";
		};
		D7A9D58D1BD5D37D004F8C82 /* Products */ = {
			isa = PBXGroup;
			children = (
				D7A9D58C1BD5D37D004F8C82 /* BackToTheFuture.app */,
				D7A9D5A41BD5D37E004F8C82 /* BackToTheFutureTests.xctest */,
			);
			name = Products;
			sourceTree = "<group>";
		};
		D7A9D58E1BD5D37D004F8C82 /* BackToTheFuture */ = {
			isa = PBXGroup;
			children = (
				D70165541BD7276F00301942 /* Character Detail */,
				D70165531BD7276600301942 /* Main VC */,
				D70165521BD7275E00301942 /* Models */,
				D7A9D5911BD5D37E004F8C82 /* AppDelegate.swift */,
				D7A9D5981BD5D37E004F8C82 /* Main.storyboard */,
				D7A9D59B1BD5D37E004F8C82 /* Images.xcassets */,
				D7A9D59D1BD5D37E004F8C82 /* LaunchScreen.xib */,
				D7A9D5931BD5D37E004F8C82 /* BackToTheFuture.xcdatamodeld */,
				D7A9D58F1BD5D37D004F8C82 /* Supporting Files */,
			);
			path = BackToTheFuture;
			sourceTree = "<group>";
		};
		D7A9D58F1BD5D37D004F8C82 /* Supporting Files */ = {
			isa = PBXGroup;
			children = (
				D7A9D5901BD5D37E004F8C82 /* Info.plist */,
			);
			name = "Supporting Files";
			sourceTree = "<group>";
		};
		D7A9D5A71BD5D37E004F8C82 /* BackToTheFutureTests */ = {
			isa = PBXGroup;
			children = (
				D7A9D5AA1BD5D37E004F8C82 /* BackToTheFutureTests.swift */,
				D7A9D5A81BD5D37E004F8C82 /* Supporting Files */,
			);
			path = BackToTheFutureTests;
			sourceTree = "<group>";
		};
		D7A9D5A81BD5D37E004F8C82 /* Supporting Files */ = {
			isa = PBXGroup;
			children = (
				D7A9D5A91BD5D37E004F8C82 /* Info.plist */,
			);
			name = "Supporting Files";
			sourceTree = "<group>";
		};
/* End PBXGroup section */

/* Begin PBXNativeTarget section */
		D7A9D58B1BD5D37D004F8C82 /* BackToTheFuture */ = {
			isa = PBXNativeTarget;
			buildConfigurationList = D7A9D5AE1BD5D37E004F8C82 /* Build configuration list for PBXNativeTarget "BackToTheFuture" */;
			buildPhases = (
				D7A9D5881BD5D37D004F8C82 /* Sources */,
				D7A9D5891BD5D37D004F8C82 /* Frameworks */,
				D7A9D58A1BD5D37D004F8C82 /* Resources */,
			);
			buildRules = (
			);
			dependencies = (
			);
			name = BackToTheFuture;
			productName = BackToTheFuture;
			productReference = D7A9D58C1BD5D37D004F8C82 /* BackToTheFuture.app */;
			productType = "com.apple.product-type.application";
		};
		D7A9D5A31BD5D37E004F8C82 /* BackToTheFutureTests */ = {
			isa = PBXNativeTarget;
			buildConfigurationList = D7A9D5B11BD5D37E004F8C82 /* Build configuration list for PBXNativeTarget "BackToTheFutureTests" */;
			buildPhases = (
				D7A9D5A01BD5D37E004F8C82 /* Sources */,
				D7A9D5A11BD5D37E004F8C82 /* Frameworks */,
				D7A9D5A21BD5D37E004F8C82 /* Resources */,
			);
			buildRules = (
			);
			dependencies = (
				D7A9D5A61BD5D37E004F8C82 /* PBXTargetDependency */,
			);
			name = BackToTheFutureTests;
			productName = BackToTheFutureTests;
			productReference = D7A9D5A41BD5D37E004F8C82 /* BackToTheFutureTests.xctest */;
			productType = "com.apple.product-type.bundle.unit-test";
		};
/* End PBXNativeTarget section */

/* Begin PBXProject section */
		D7A9D5841BD5D37D004F8C82 /* Project object */ = {
			isa = PBXProject;
			attributes = {
				LastSwiftUpdateCheck = 0700;
				LastUpgradeCheck = 0640;
				ORGANIZATIONNAME = "Andrew Kozlik";
				TargetAttributes = {
					D7A9D58B1BD5D37D004F8C82 = {
						CreatedOnToolsVersion = 6.4;
						DevelopmentTeam = 5L78R6E9LV;
					};
					D7A9D5A31BD5D37E004F8C82 = {
						CreatedOnToolsVersion = 6.4;
						TestTargetID = D7A9D58B1BD5D37D004F8C82;
					};
				};
			};
			buildConfigurationList = D7A9D5871BD5D37D004F8C82 /* Build configuration list for PBXProject "BackToTheFuture" */;
			compatibilityVersion = "Xcode 3.2";
			developmentRegion = English;
			hasScannedForEncodings = 0;
			knownRegions = (
				en,
				Base,
			);
			mainGroup = D7A9D5831BD5D37D004F8C82;
			productRefGroup = D7A9D58D1BD5D37D004F8C82 /* Products */;
			projectDirPath = "";
			projectRoot = "";
			targets = (
				D7A9D58B1BD5D37D004F8C82 /* BackToTheFuture */,
				D7A9D5A31BD5D37E004F8C82 /* BackToTheFutureTests */,
			);
		};
/* End PBXProject section */

/* Begin PBXResourcesBuildPhase section */
		D7A9D58A1BD5D37D004F8C82 /* Resources */ = {
			isa = PBXResourcesBuildPhase;
			buildActionMask = 2147483647;
			files = (
				D7A9D59A1BD5D37E004F8C82 /* Main.storyboard in Resources */,
				D7A9D59F1BD5D37E004F8C82 /* LaunchScreen.xib in Resources */,
				D7A9D59C1BD5D37E004F8C82 /* Images.xcassets in Resources */,
			);
			runOnlyForDeploymentPostprocessing = 0;
		};
		D7A9D5A21BD5D37E004F8C82 /* Resources */ = {
			isa = PBXResourcesBuildPhase;
			buildActionMask = 2147483647;
			files = (
			);
			runOnlyForDeploymentPostprocessing = 0;
		};
/* End PBXResourcesBuildPhase section */

/* Begin PBXSourcesBuildPhase section */
		D7A9D5881BD5D37D004F8C82 /* Sources */ = {
			isa = PBXSourcesBuildPhase;
			buildActionMask = 2147483647;
			files = (
				D7A9D5971BD5D37E004F8C82 /* ViewController.swift in Sources */,
				D7A9D5951BD5D37E004F8C82 /* BackToTheFuture.xcdatamodeld in Sources */,
				D70165561BD7278100301942 /* CharacterDetailViewController.swift in Sources */,
				D7A9D5921BD5D37E004F8C82 /* AppDelegate.swift in Sources */,
				D742EAC11BD5E87D004455D3 /* Character.swift in Sources */,
			);
			runOnlyForDeploymentPostprocessing = 0;
		};
		D7A9D5A01BD5D37E004F8C82 /* Sources */ = {
			isa = PBXSourcesBuildPhase;
			buildActionMask = 2147483647;
			files = (
				D7A9D5AB1BD5D37E004F8C82 /* BackToTheFutureTests.swift in Sources */,
			);
			runOnlyForDeploymentPostprocessing = 0;
		};
/* End PBXSourcesBuildPhase section */

/* Begin PBXTargetDependency section */
		D7A9D5A61BD5D37E004F8C82 /* PBXTargetDependency */ = {
			isa = PBXTargetDependency;
			target = D7A9D58B1BD5D37D004F8C82 /* BackToTheFuture */;
			targetProxy = D7A9D5A51BD5D37E004F8C82 /* PBXContainerItemProxy */;
		};
/* End PBXTargetDependency section */

/* Begin PBXVariantGroup section */
		D7A9D5981BD5D37E004F8C82 /* Main.storyboard */ = {
			isa = PBXVariantGroup;
			children = (
				D7A9D5991BD5D37E004F8C82 /* Base */,
			);
			name = Main.storyboard;
			sourceTree = "<group>";
		};
		D7A9D59D1BD5D37E004F8C82 /* LaunchScreen.xib */ = {
			isa = PBXVariantGroup;
			children = (
				D7A9D59E1BD5D37E004F8C82 /* Base */,
			);
			name = LaunchScreen.xib;
			sourceTree = "<group>";
		};
/* End PBXVariantGroup section */

/* Begin XCBuildConfiguration section */
		D7A9D5AC1BD5D37E004F8C82 /* Debug */ = {
			isa = XCBuildConfiguration;
			buildSettings = {
				ALWAYS_SEARCH_USER_PATHS = NO;
				CLANG_CXX_LANGUAGE_STANDARD = "gnu++0x";
				CLANG_CXX_LIBRARY = "libc++";
				CLANG_ENABLE_MODULES = YES;
				CLANG_ENABLE_OBJC_ARC = YES;
				CLANG_WARN_BOOL_CONVERSION = YES;
				CLANG_WARN_CONSTANT_CONVERSION = YES;
				CLANG_WARN_DIRECT_OBJC_ISA_USAGE = YES_ERROR;
				CLANG_WARN_EMPTY_BODY = YES;
				CLANG_WARN_ENUM_CONVERSION = YES;
				CLANG_WARN_INT_CONVERSION = YES;
				CLANG_WARN_OBJC_ROOT_CLASS = YES_ERROR;
				CLANG_WARN_UNREACHABLE_CODE = YES;
				CLANG_WARN__DUPLICATE_METHOD_MATCH = YES;
				"CODE_SIGN_IDENTITY[sdk=iphoneos*]" = "iPhone Developer";
				COPY_PHASE_STRIP = NO;
				DEBUG_INFORMATION_FORMAT = "dwarf-with-dsym";
				ENABLE_STRICT_OBJC_MSGSEND = YES;
				GCC_C_LANGUAGE_STANDARD = gnu99;
				GCC_DYNAMIC_NO_PIC = NO;
				GCC_NO_COMMON_BLOCKS = YES;
				GCC_OPTIMIZATION_LEVEL = 0;
				GCC_PREPROCESSOR_DEFINITIONS = (
					"DEBUG=1",
					"$(inherited)",
				);
				GCC_SYMBOLS_PRIVATE_EXTERN = NO;
				GCC_WARN_64_TO_32_BIT_CONVERSION = YES;
				GCC_WARN_ABOUT_RETURN_TYPE = YES_ERROR;
				GCC_WARN_UNDECLARED_SELECTOR = YES;
				GCC_WARN_UNINITIALIZED_AUTOS = YES_AGGRESSIVE;
				GCC_WARN_UNUSED_FUNCTION = YES;
				GCC_WARN_UNUSED_VARIABLE = YES;
				IPHONEOS_DEPLOYMENT_TARGET = 8.4;
				MTL_ENABLE_DEBUG_INFO = YES;
				ONLY_ACTIVE_ARCH = YES;
				SDKROOT = iphoneos;
				SWIFT_OPTIMIZATION_LEVEL = "-Onone";
			};
			name = Debug;
		};
		D7A9D5AD1BD5D37E004F8C82 /* Release */ = {
			isa = XCBuildConfiguration;
			buildSettings = {
				ALWAYS_SEARCH_USER_PATHS = NO;
				CLANG_CXX_LANGUAGE_STANDARD = "gnu++0x";
				CLANG_CXX_LIBRARY = "libc++";
				CLANG_ENABLE_MODULES = YES;
				CLANG_ENABLE_OBJC_ARC = YES;
				CLANG_WARN_BOOL_CONVERSION = YES;
				CLANG_WARN_CONSTANT_CONVERSION = YES;
				CLANG_WARN_DIRECT_OBJC_ISA_USAGE = YES_ERROR;
				CLANG_WARN_EMPTY_BODY = YES;
				CLANG_WARN_ENUM_CONVERSION = YES;
				CLANG_WARN_INT_CONVERSION = YES;
				CLANG_WARN_OBJC_ROOT_CLASS = YES_ERROR;
				CLANG_WARN_UNREACHABLE_CODE = YES;
				CLANG_WARN__DUPLICATE_METHOD_MATCH = YES;
				"CODE_SIGN_IDENTITY[sdk=iphoneos*]" = "iPhone Developer";
				COPY_PHASE_STRIP = NO;
				DEBUG_INFORMATION_FORMAT = "dwarf-with-dsym";
				ENABLE_NS_ASSERTIONS = NO;
				ENABLE_STRICT_OBJC_MSGSEND = YES;
				GCC_C_LANGUAGE_STANDARD = gnu99;
				GCC_NO_COMMON_BLOCKS = YES;
				GCC_WARN_64_TO_32_BIT_CONVERSION = YES;
				GCC_WARN_ABOUT_RETURN_TYPE = YES_ERROR;
				GCC_WARN_UNDECLARED_SELECTOR = YES;
				GCC_WARN_UNINITIALIZED_AUTOS = YES_AGGRESSIVE;
				GCC_WARN_UNUSED_FUNCTION = YES;
				GCC_WARN_UNUSED_VARIABLE = YES;
				IPHONEOS_DEPLOYMENT_TARGET = 8.4;
				MTL_ENABLE_DEBUG_INFO = NO;
				SDKROOT = iphoneos;
				VALIDATE_PRODUCT = YES;
			};
			name = Release;
		};
		D7A9D5AF1BD5D37E004F8C82 /* Debug */ = {
			isa = XCBuildConfiguration;
			buildSettings = {
				ASSETCATALOG_COMPILER_APPICON_NAME = AppIcon;
				CODE_SIGN_IDENTITY = "iPhone Developer";
				"CODE_SIGN_IDENTITY[sdk=iphoneos*]" = "iPhone Developer";
				INFOPLIST_FILE = BackToTheFuture/Info.plist;
				IPHONEOS_DEPLOYMENT_TARGET = 9.0;
				LD_RUNPATH_SEARCH_PATHS = "$(inherited) @executable_path/Frameworks";
				PRODUCT_NAME = "$(TARGET_NAME)";
				PROVISIONING_PROFILE = "";
			};
			name = Debug;
		};
		D7A9D5B01BD5D37E004F8C82 /* Release */ = {
			isa = XCBuildConfiguration;
			buildSettings = {
				ASSETCATALOG_COMPILER_APPICON_NAME = AppIcon;
				CODE_SIGN_IDENTITY = "iPhone Developer";
				"CODE_SIGN_IDENTITY[sdk=iphoneos*]" = "iPhone Developer";
				INFOPLIST_FILE = BackToTheFuture/Info.plist;
				IPHONEOS_DEPLOYMENT_TARGET = 9.0;
				LD_RUNPATH_SEARCH_PATHS = "$(inherited) @executable_path/Frameworks";
				PRODUCT_NAME = "$(TARGET_NAME)";
				PROVISIONING_PROFILE = "";
			};
			name = Release;
		};
		D7A9D5B21BD5D37E004F8C82 /* Debug */ = {
			isa = XCBuildConfiguration;
			buildSettings = {
				BUNDLE_LOADER = "$(TEST_HOST)";
				FRAMEWORK_SEARCH_PATHS = (
					"$(SDKROOT)/Developer/Library/Frameworks",
					"$(inherited)",
				);
				GCC_PREPROCESSOR_DEFINITIONS = (
					"DEBUG=1",
					"$(inherited)",
				);
				INFOPLIST_FILE = BackToTheFutureTests/Info.plist;
				LD_RUNPATH_SEARCH_PATHS = "$(inherited) @executable_path/Frameworks @loader_path/Frameworks";
				PRODUCT_NAME = "$(TARGET_NAME)";
				TEST_HOST = "$(BUILT_PRODUCTS_DIR)/BackToTheFuture.app/BackToTheFuture";
			};
			name = Debug;
		};
		D7A9D5B31BD5D37E004F8C82 /* Release */ = {
			isa = XCBuildConfiguration;
			buildSettings = {
				BUNDLE_LOADER = "$(TEST_HOST)";
				FRAMEWORK_SEARCH_PATHS = (
					"$(SDKROOT)/Developer/Library/Frameworks",
					"$(inherited)",
				);
				INFOPLIST_FILE = BackToTheFutureTests/Info.plist;
				LD_RUNPATH_SEARCH_PATHS = "$(inherited) @executable_path/Frameworks @loader_path/Frameworks";
				PRODUCT_NAME = "$(TARGET_NAME)";
				TEST_HOST = "$(BUILT_PRODUCTS_DIR)/BackToTheFuture.app/BackToTheFuture";
			};
			name = Release;
		};
/* End XCBuildConfiguration section */

/* Begin XCConfigurationList section */
		D7A9D5871BD5D37D004F8C82 /* Build configuration list for PBXProject "BackToTheFuture" */ = {
			isa = XCConfigurationList;
			buildConfigurations = (
				D7A9D5AC1BD5D37E004F8C82 /* Debug */,
				D7A9D5AD1BD5D37E004F8C82 /* Release */,
			);
			defaultConfigurationIsVisible = 0;
			defaultConfigurationName = Release;
		};
		D7A9D5AE1BD5D37E004F8C82 /* Build configuration list for PBXNativeTarget "BackToTheFuture" */ = {
			isa = XCConfigurationList;
			buildConfigurations = (
				D7A9D5AF1BD5D37E004F8C82 /* Debug */,
				D7A9D5B01BD5D37E004F8C82 /* Release */,
			);
			defaultConfigurationIsVisible = 0;
			defaultConfigurationName = Release;
		};
		D7A9D5B11BD5D37E004F8C82 /* Build configuration list for PBXNativeTarget "BackToTheFutureTests" */ = {
			isa = XCConfigurationList;
			buildConfigurations = (
				D7A9D5B21BD5D37E004F8C82 /* Debug */,
				D7A9D5B31BD5D37E004F8C82 /* Release */,
			);
			defaultConfigurationIsVisible = 0;
			defaultConfigurationName = Release;
		};
/* End XCConfigurationList section */

/* Begin XCVersionGroup section */
		D7A9D5931BD5D37E004F8C82 /* BackToTheFuture.xcdatamodeld */ = {
			isa = XCVersionGroup;
			children = (
				D7A9D5941BD5D37E004F8C82 /* BackToTheFuture.xcdatamodel */,
			);
			currentVersion = D7A9D5941BD5D37E004F8C82 /* BackToTheFuture.xcdatamodel */;
			path = BackToTheFuture.xcdatamodeld;
			sourceTree = "<group>";
			versionGroupType = wrapper.xcdatamodel;
		};
/* End XCVersionGroup section */
	};
	rootObject = D7A9D5841BD5D37D004F8C82 /* Project object */;
}
